
Microsoft Visual Studio Solution File, Format Version 12.00
# Visual Studio Version 16
VisualStudioVersion = 16.0.33214.272
MinimumVisualStudioVersion = 10.0.40219.1
Project("{FAE04EC0-301F-11D3-BF4B-00C04F79EFBC}") = "projeyeni", "projeyeni\projeyeni.csproj", "{92877B65-1E3F-443E-8141-11D4BAFC9AD1}"
EndProject
Project("{FAE04EC0-301F-11D3-BF4B-00C04F79EFBC}") = "Donguler", "Donguler\Donguler.csproj", "{B60B4060-0402-4A9D-8318-291FCAD41D1F}"
EndProject
Project("{FAE04EC0-301F-11D3-BF4B-00C04F79EFBC}") = "ClassIntro", "ClassIntro\ClassIntro.csproj", "{45415E49-7A8D-4C5D-AFBA-BC47743C7BDC}"
EndProject
Project("{FAE04EC0-301F-11D3-BF4B-00C04F79EFBC}") = "Metotlar", "Metotlar\Metotlar.csproj", "{30718994-E2D7-4238-8581-494C9B713DF7}"
EndProject
Project("{FAE04EC0-301F-11D3-BF4B-00C04F79EFBC}") = "Matematik", "Matematik\Matematik.csproj", "{BD3802B4-C3F0-43FF-8E00-C111B3CB3D56}"
EndProject
Project("{FAE04EC0-301F-11D3-BF4B-00C04F79EFBC}") = "DegerVeReferansTipler", "DegerVeReferansTipler\DegerVeReferansTipler.csproj", "{0EC00CA7-57DD-4A21-8E59-B21644C506A2}"
EndProject
Global
	GlobalSection(SolutionConfigurationPlatforms) = preSolution
		Debug|Any CPU = Debug|Any CPU
		Release|Any CPU = Release|Any CPU
	EndGlobalSection
	GlobalSection(ProjectConfigurationPlatforms) = postSolution
		{92877B65-1E3F-443E-8141-11D4BAFC9AD1}.Debug|Any CPU.ActiveCfg = Debug|Any CPU
		{92877B65-1E3F-443E-8141-11D4BAFC9AD1}.Debug|Any CPU.Build.0 = Debug|Any CPU
		{92877B65-1E3F-443E-8141-11D4BAFC9AD1}.Release|Any CPU.ActiveCfg = Release|Any CPU
		{92877B65-1E3F-443E-8141-11D4BAFC9AD1}.Release|Any CPU.Build.0 = Release|Any CPU
		{B60B4060-0402-4A9D-8318-291FCAD41D1F}.Debug|Any CPU.ActiveCfg = Debug|Any CPU
		{B60B4060-0402-4A9D-8318-291FCAD41D1F}.Debug|Any CPU.Build.0 = Debug|Any CPU
		{B60B4060-0402-4A9D-8318-291FCAD41D1F}.Release|Any CPU.ActiveCfg = Release|Any CPU
		{B60B4060-0402-4A9D-8318-291FCAD41D1F}.Release|Any CPU.Build.0 = Release|Any CPU
		{45415E49-7A8D-4C5D-AFBA-BC47743C7BDC}.Debug|Any CPU.ActiveCfg = Debug|Any CPU
		{45415E49-7A8D-4C5D-AFBA-BC47743C7BDC}.Debug|Any CPU.Build.0 = Debug|Any CPU
		{45415E49-7A8D-4C5D-AFBA-BC47743C7BDC}.Release|Any CPU.ActiveCfg = Release|Any CPU
		{45415E49-7A8D-4C5D-AFBA-BC47743C7BDC}.Release|Any CPU.Build.0 = Release|Any CPU
		{30718994-E2D7-4238-8581-494C9B713DF7}.Debug|Any CPU.ActiveCfg = Debug|Any CPU
		{30718994-E2D7-4238-8581-494C9B713DF7}.Debug|Any CPU.Build.0 = Debug|Any CPU
		{30718994-E2D7-4238-8581-494C9B713DF7}.Release|Any CPU.ActiveCfg = Release|Any CPU
		{30718994-E2D7-4238-8581-494C9B713DF7}.Release|Any CPU.Build.0 = Release|Any CPU
		{BD3802B4-C3F0-43FF-8E00-C111B3CB3D56}.Debug|Any CPU.ActiveCfg = Debug|Any CPU
		{BD3802B4-C3F0-43FF-8E00-C111B3CB3D56}.Debug|Any CPU.Build.0 = Debug|Any CPU
		{BD3802B4-C3F0-43FF-8E00-C111B3CB3D56}.Release|Any CPU.ActiveCfg = Release|Any CPU
		{BD3802B4-C3F0-43FF-8E00-C111B3CB3D56}.Release|Any CPU.Build.0 = Release|Any CPU
		{0EC00CA7-57DD-4A21-8E59-B21644C506A2}.Debug|Any CPU.ActiveCfg = Debug|Any CPU
		{0EC00CA7-57DD-4A21-8E59-B21644C506A2}.Debug|Any CPU.Build.0 = Debug|Any CPU
		{0EC00CA7-57DD-4A21-8E59-B21644C506A2}.Release|Any CPU.ActiveCfg = Release|Any CPU
		{0EC00CA7-57DD-4A21-8E59-B21644C506A2}.Release|Any CPU.Build.0 = Release|Any CPU
	EndGlobalSection
	GlobalSection(SolutionProperties) = preSolution
		HideSolutionNode = FALSE
	EndGlobalSection
	GlobalSection(ExtensibilityGlobals) = postSolution
		SolutionGuid = {F08F1A59-82D0-4469-8C96-B2924493D52F}
	EndGlobalSection
EndGlobal
